
Microsoft Visual Studio Solution File, Format Version 12.00
# Visual Studio Version 16
VisualStudioVersion = 16.0.808.4
MinimumVisualStudioVersion = 10.0.40219.1
Project("{FAE04EC0-301F-11D3-BF4B-00C04F79EFBC}") = "FruitShop", "ShopingListDemo\FruitShop.csproj", "{67FA1AAB-F0C3-4116-87CD-7146894A8765}"
EndProject
Global
	GlobalSection(SolutionConfigurationPlatforms) = preSolution
		Debug|anycpu = Debug|anycpu
		Release|anycpu = Release|anycpu
	EndGlobalSection
	GlobalSection(ProjectConfigurationPlatforms) = postSolution
		{67FA1AAB-F0C3-4116-87CD-7146894A8765}.Debug|anycpu.ActiveCfg = Debug|anycpu
		{67FA1AAB-F0C3-4116-87CD-7146894A8765}.Debug|anycpu.Build.0 = Debug|anycpu
		{67FA1AAB-F0C3-4116-87CD-7146894A8765}.Release|anycpu.ActiveCfg = Release|anycpu
		{67FA1AAB-F0C3-4116-87CD-7146894A8765}.Release|anycpu.Build.0 = Release|anycpu
	EndGlobalSection
	GlobalSection(SolutionProperties) = preSolution
		HideSolutionNode = FALSE
	EndGlobalSection
	GlobalSection(ExtensibilityGlobals) = postSolution
		SolutionGuid = {3D966FE6-7E26-48C5-823D-B6945F965642}
	EndGlobalSection
EndGlobal
